
Microsoft Visual Studio Solution File, Format Version 12.00
# Visual Studio Version 18
VisualStudioVersion = 18.0.11205.157 d18.0
MinimumVisualStudioVersion = 10.0.40219.1
Project("{2150E333-8FDC-42A3-9474-1A3956D46DE8}") = "src", "src", "{C473F6FF-73EC-4653-9B0F-C5D47083FD5F}"
EndProject
Project("{9A19103F-16F7-4668-BE54-9A1E7A4F7556}") = "AdaskoTheBeAsT.AutoMapper.SimpleInjector", "src\AdaskoTheBeAsT.AutoMapper.SimpleInjector\AdaskoTheBeAsT.AutoMapper.SimpleInjector.csproj", "{DA80F732-3A65-4DAF-A4FB-B0395D4A8D8D}"
EndProject
Project("{2150E333-8FDC-42A3-9474-1A3956D46DE8}") = "test", "test", "{E4A91754-105E-4484-A184-41787EE477DE}"
EndProject
Project("{9A19103F-16F7-4668-BE54-9A1E7A4F7556}") = "AdaskoTheBeAsT.AutoMapper.SimpleInjector.Test", "test\unit\AdaskoTheBeAsT.AutoMapper.SimpleInjector.Test\AdaskoTheBeAsT.AutoMapper.SimpleInjector.Test.csproj", "{4B75EFC7-406C-423C-AB76-15FFFCF45CAD}"
EndProject
Project("{2150E333-8FDC-42A3-9474-1A3956D46DE8}") = ".props", ".props", "{6BCA9799-1BD1-4A5D-A3C2-047187D026B1}"
	ProjectSection(SolutionItems) = preProject
		.editorconfig = .editorconfig
		.gitignore = .gitignore
		.runsettings = .runsettings
		AdaskoTheBeAsT.AutoMapper.SimpleInjector.sln.DotSettings = AdaskoTheBeAsT.AutoMapper.SimpleInjector.sln.DotSettings
		AdaskoTheBeAsT.ruleset = AdaskoTheBeAsT.ruleset
		azure-pipelines.yml = azure-pipelines.yml
		DeterministicBuild.targets = DeterministicBuild.targets
		Directory.Build.props = Directory.Build.props
		Directory.Build.targets = Directory.Build.targets
		global.json = global.json
		LICENSE = LICENSE
		README.md = README.md
		SecurityCodeScan.config.yml = SecurityCodeScan.config.yml
		Settings.StyleCop = Settings.StyleCop
		stylecop.json = stylecop.json
	EndProjectSection
EndProject
Project("{2150E333-8FDC-42A3-9474-1A3956D46DE8}") = "unit", "unit", "{42279621-9534-4528-B8F6-32A55A3A88C2}"
EndProject
Project("{2150E333-8FDC-42A3-9474-1A3956D46DE8}") = ".props", ".props", "{1A1129E3-F15B-4468-A555-9C9436FDE437}"
	ProjectSection(SolutionItems) = preProject
		test\Directory.Build.props = test\Directory.Build.props
	EndProjectSection
EndProject
Project("{2150E333-8FDC-42A3-9474-1A3956D46DE8}") = ".sarif", ".sarif", "{CC6407E0-91F5-45FB-9224-5FDFD7CB0335}"
	ProjectSection(SolutionItems) = preProject
		.sarif\.gitkeep = .sarif\.gitkeep
	EndProjectSection
EndProject
Project("{2150E333-8FDC-42A3-9474-1A3956D46DE8}") = ".dotcover", ".dotcover", "{15EA5D4F-5825-4EF3-AB3C-0A7FE1F4B119}"
	ProjectSection(SolutionItems) = preProject
		.dotcover\.gitkeep = .dotcover\.gitkeep
	EndProjectSection
EndProject
Project("{2150E333-8FDC-42A3-9474-1A3956D46DE8}") = ".config", ".config", "{7973CA04-729C-4C75-8159-E3C0DD5F4DD2}"
	ProjectSection(SolutionItems) = preProject
		.config\dotnet-tools.json = .config\dotnet-tools.json
	EndProjectSection
EndProject
Global
	GlobalSection(SolutionConfigurationPlatforms) = preSolution
		Debug|Any CPU = Debug|Any CPU
		Release|Any CPU = Release|Any CPU
	EndGlobalSection
	GlobalSection(ProjectConfigurationPlatforms) = postSolution
		{DA80F732-3A65-4DAF-A4FB-B0395D4A8D8D}.Debug|Any CPU.ActiveCfg = Debug|Any CPU
		{DA80F732-3A65-4DAF-A4FB-B0395D4A8D8D}.Debug|Any CPU.Build.0 = Debug|Any CPU
		{DA80F732-3A65-4DAF-A4FB-B0395D4A8D8D}.Release|Any CPU.ActiveCfg = Release|Any CPU
		{DA80F732-3A65-4DAF-A4FB-B0395D4A8D8D}.Release|Any CPU.Build.0 = Release|Any CPU
		{4B75EFC7-406C-423C-AB76-15FFFCF45CAD}.Debug|Any CPU.ActiveCfg = Debug|Any CPU
		{4B75EFC7-406C-423C-AB76-15FFFCF45CAD}.Debug|Any CPU.Build.0 = Debug|Any CPU
		{4B75EFC7-406C-423C-AB76-15FFFCF45CAD}.Release|Any CPU.ActiveCfg = Release|Any CPU
		{4B75EFC7-406C-423C-AB76-15FFFCF45CAD}.Release|Any CPU.Build.0 = Release|Any CPU
	EndGlobalSection
	GlobalSection(SolutionProperties) = preSolution
		HideSolutionNode = FALSE
	EndGlobalSection
	GlobalSection(NestedProjects) = preSolution
		{DA80F732-3A65-4DAF-A4FB-B0395D4A8D8D} = {C473F6FF-73EC-4653-9B0F-C5D47083FD5F}
		{4B75EFC7-406C-423C-AB76-15FFFCF45CAD} = {42279621-9534-4528-B8F6-32A55A3A88C2}
		{42279621-9534-4528-B8F6-32A55A3A88C2} = {E4A91754-105E-4484-A184-41787EE477DE}
		{1A1129E3-F15B-4468-A555-9C9436FDE437} = {E4A91754-105E-4484-A184-41787EE477DE}
	EndGlobalSection
	GlobalSection(ExtensibilityGlobals) = postSolution
		SolutionGuid = {8E0CE43A-F3AD-4300-854B-A07804F518B2}
	EndGlobalSection
EndGlobal
